
Microsoft Visual Studio Solution File, Format Version 12.00
# Visual Studio Version 17
VisualStudioVersion = 17.7.34202.233
MinimumVisualStudioVersion = 10.0.40219.1
Project("{FAE04EC0-301F-11D3-BF4B-00C04F79EFBC}") = "WeatherMoscow", "WeatherMoscow\WeatherMoscow.csproj", "{0DC83B88-D17F-43DF-85A5-A12DF26E632E}"
EndProject
Global
	GlobalSection(SolutionConfigurationPlatforms) = preSolution
		Debug|Any CPU = Debug|Any CPU
		Release|Any CPU = Release|Any CPU
	EndGlobalSection
	GlobalSection(ProjectConfigurationPlatforms) = postSolution
		{0DC83B88-D17F-43DF-85A5-A12DF26E632E}.Debug|Any CPU.ActiveCfg = Debug|Any CPU
		{0DC83B88-D17F-43DF-85A5-A12DF26E632E}.Debug|Any CPU.Build.0 = Debug|Any CPU
		{0DC83B88-D17F-43DF-85A5-A12DF26E632E}.Release|Any CPU.ActiveCfg = Release|Any CPU
		{0DC83B88-D17F-43DF-85A5-A12DF26E632E}.Release|Any CPU.Build.0 = Release|Any CPU
	EndGlobalSection
	GlobalSection(SolutionProperties) = preSolution
		HideSolutionNode = FALSE
	EndGlobalSection
	GlobalSection(ExtensibilityGlobals) = postSolution
		SolutionGuid = {AE0C3DD7-7627-4FB4-B910-599C82AAEFC6}
	EndGlobalSection
EndGlobal
